
Microsoft Visual Studio Solution File, Format Version 12.00
# Visual Studio Version 16
VisualStudioVersion = 16.0.29306.81
MinimumVisualStudioVersion = 10.0.40219.1
Project("{FAE04EC0-301F-11D3-BF4B-00C04F79EFBC}") = "Bootstrap Practice", "Bootstrap Practice.csproj", "{90C24780-D755-4353-B8C5-5042216659ED}"
EndProject
Global
	GlobalSection(SolutionConfigurationPlatforms) = preSolution
		Debug|Any CPU = Debug|Any CPU
		Release|Any CPU = Release|Any CPU
	EndGlobalSection
	GlobalSection(ProjectConfigurationPlatforms) = postSolution
		{90C24780-D755-4353-B8C5-5042216659ED}.Debug|Any CPU.ActiveCfg = Debug|Any CPU
		{90C24780-D755-4353-B8C5-5042216659ED}.Debug|Any CPU.Build.0 = Debug|Any CPU
		{90C24780-D755-4353-B8C5-5042216659ED}.Release|Any CPU.ActiveCfg = Release|Any CPU
		{90C24780-D755-4353-B8C5-5042216659ED}.Release|Any CPU.Build.0 = Release|Any CPU
	EndGlobalSection
	GlobalSection(SolutionProperties) = preSolution
		HideSolutionNode = FALSE
	EndGlobalSection
	GlobalSection(ExtensibilityGlobals) = postSolution
		SolutionGuid = {077A8229-AA46-4166-8008-473FBB77A742}
	EndGlobalSection
EndGlobal
